dependencies:
- name: redis
  repository: https://charts.bitnami.com/bitnami
  version: 19.6.4
- name: postgresql
  repository: https://charts.bitnami.com/bitnami
  version: 15.5.20
digest: sha256:7b60e717b2f830057921230ad5bd2965ff7005b1c9fb2f135e234512e8bf5dca
generated: "2026-01-06T16:08:47.696217782+02:00"
